github.com/qdzhang/hugo-notepadium-mod v0.0.0-20210324093536-da2a91cc57c2 h1:bn9bTKBO3gcUJR5jCmzIMvMhgtxPUk7iKSoVteNXK7U=
github.com/qdzhang/hugo-notepadium-mod v0.0.0-20210324093536-da2a91cc57c2/go.mod h1:+F+2e1z6IcrauIaRUdts9ELFIEAqz68uK+rTuSNN+6Y=
github.com/qdzhang/hugo-notice v0.0.0-20210305112721-2a63ff9037cb h1:7Lrio6jxTg7H+0oCKoP4X2lDf8KdXCKw4ITpRpXtXDU=
github.com/qdzhang/hugo-notice v0.0.0-20210305112721-2a63ff9037cb/go.mod h1:M0KNrwGpyU7kKMmCThwh9TKH4trbeHlOntMpRh5VJ50=
